
Microsoft Visual Studio Solution File, Format Version 12.00
# Visual Studio Version 16
VisualStudioVersion = 16.0.29020.237
MinimumVisualStudioVersion = 10.0.40219.1
Project("{FAE04EC0-301F-11D3-BF4B-00C04F79EFBC}") = "GeyserFix", "GeyserFix\GeyserFix.csproj", "{EE8F9D20-0B09-46F0-BC6E-1715270919E7}"
EndProject
Project("{FAE04EC0-301F-11D3-BF4B-00C04F79EFBC}") = "EthanolGeyser", "EthanolGeyser\EthanolGeyser.csproj", "{025E7F68-E65D-4E4D-9E28-16263DD2E91A}"
EndProject
Project("{FAE04EC0-301F-11D3-BF4B-00C04F79EFBC}") = "SelfSealingAirlocks", "SelfSealingAirlocks\SelfSealingAirlocks.csproj", "{3219CD2E-5CEC-4891-8F9B-197A92C86B13}"
EndProject
Project("{FAE04EC0-301F-11D3-BF4B-00C04F79EFBC}") = "ExtendedBridges", "ExtendedBridges\ExtendedBridges.csproj", "{B955C0FE-0E03-4790-8ED5-0EF9C89A4864}"
EndProject
Project("{9A19103F-16F7-4668-BE54-9A1E7A4F7556}") = "RadiateHeatInSpace", "RadiateHeatInSpace\RadiateHeatInSpace.csproj", "{31B1F7FB-D123-4B37-B2C2-531DB6E90619}"
EndProject
Project("{FAE04EC0-301F-11D3-BF4B-00C04F79EFBC}") = "MoreCanisterFillers", "MoreCanisterFillersMod\MoreCanisterFillers.csproj", "{CA2AAB39-6B33-4340-A706-6391E00087D0}"
EndProject
Project("{FAE04EC0-301F-11D3-BF4B-00C04F79EFBC}") = "HeavyBatteries", "HeavyBatteries\HeavyBatteries.csproj", "{6B41DC78-C315-4A3B-8CC2-220F03002D40}"
EndProject
Project("{FAE04EC0-301F-11D3-BF4B-00C04F79EFBC}") = "AlgaeGrower", "AlgaeGrower\AlgaeGrower.csproj", "{B406B937-A174-45F8-ACDC-88698BE058EC}"
EndProject
Project("{FAE04EC0-301F-11D3-BF4B-00C04F79EFBC}") = "FlowSplitters", "FlowSplitters\FlowSplitters.csproj", "{BF1E5AEE-570E-4CC8-8F8C-AE96731C4ACA}"
EndProject
Project("{FAE04EC0-301F-11D3-BF4B-00C04F79EFBC}") = "PlanBuildingsWithoutMaterials", "PlanBuildingsWithoutMaterials\PlanBuildingsWithoutMaterials.csproj", "{18F78FF1-937B-4FFC-B156-E8488ACE77F5}"
EndProject
Global
	GlobalSection(SolutionConfigurationPlatforms) = preSolution
		Debug|Any CPU = Debug|Any CPU
		Release|Any CPU = Release|Any CPU
	EndGlobalSection
	GlobalSection(ProjectConfigurationPlatforms) = postSolution
		{EE8F9D20-0B09-46F0-BC6E-1715270919E7}.Debug|Any CPU.ActiveCfg = Debug|Any CPU
		{EE8F9D20-0B09-46F0-BC6E-1715270919E7}.Debug|Any CPU.Build.0 = Debug|Any CPU
		{EE8F9D20-0B09-46F0-BC6E-1715270919E7}.Release|Any CPU.ActiveCfg = Release|Any CPU
		{EE8F9D20-0B09-46F0-BC6E-1715270919E7}.Release|Any CPU.Build.0 = Release|Any CPU
		{025E7F68-E65D-4E4D-9E28-16263DD2E91A}.Debug|Any CPU.ActiveCfg = Debug|Any CPU
		{025E7F68-E65D-4E4D-9E28-16263DD2E91A}.Debug|Any CPU.Build.0 = Debug|Any CPU
		{025E7F68-E65D-4E4D-9E28-16263DD2E91A}.Release|Any CPU.ActiveCfg = Release|Any CPU
		{025E7F68-E65D-4E4D-9E28-16263DD2E91A}.Release|Any CPU.Build.0 = Release|Any CPU
		{3219CD2E-5CEC-4891-8F9B-197A92C86B13}.Debug|Any CPU.ActiveCfg = Debug|Any CPU
		{3219CD2E-5CEC-4891-8F9B-197A92C86B13}.Debug|Any CPU.Build.0 = Debug|Any CPU
		{3219CD2E-5CEC-4891-8F9B-197A92C86B13}.Release|Any CPU.ActiveCfg = Release|Any CPU
		{3219CD2E-5CEC-4891-8F9B-197A92C86B13}.Release|Any CPU.Build.0 = Release|Any CPU
		{B955C0FE-0E03-4790-8ED5-0EF9C89A4864}.Debug|Any CPU.ActiveCfg = Debug|Any CPU
		{B955C0FE-0E03-4790-8ED5-0EF9C89A4864}.Debug|Any CPU.Build.0 = Debug|Any CPU
		{B955C0FE-0E03-4790-8ED5-0EF9C89A4864}.Release|Any CPU.ActiveCfg = Release|Any CPU
		{B955C0FE-0E03-4790-8ED5-0EF9C89A4864}.Release|Any CPU.Build.0 = Release|Any CPU
		{31B1F7FB-D123-4B37-B2C2-531DB6E90619}.Debug|Any CPU.ActiveCfg = Debug|Any CPU
		{31B1F7FB-D123-4B37-B2C2-531DB6E90619}.Debug|Any CPU.Build.0 = Debug|Any CPU
		{31B1F7FB-D123-4B37-B2C2-531DB6E90619}.Release|Any CPU.ActiveCfg = Release|Any CPU
		{31B1F7FB-D123-4B37-B2C2-531DB6E90619}.Release|Any CPU.Build.0 = Release|Any CPU
		{CA2AAB39-6B33-4340-A706-6391E00087D0}.Debug|Any CPU.ActiveCfg = Debug|Any CPU
		{CA2AAB39-6B33-4340-A706-6391E00087D0}.Debug|Any CPU.Build.0 = Debug|Any CPU
		{CA2AAB39-6B33-4340-A706-6391E00087D0}.Release|Any CPU.ActiveCfg = Release|Any CPU
		{CA2AAB39-6B33-4340-A706-6391E00087D0}.Release|Any CPU.Build.0 = Release|Any CPU
		{6B41DC78-C315-4A3B-8CC2-220F03002D40}.Debug|Any CPU.ActiveCfg = Debug|Any CPU
		{6B41DC78-C315-4A3B-8CC2-220F03002D40}.Debug|Any CPU.Build.0 = Debug|Any CPU
		{6B41DC78-C315-4A3B-8CC2-220F03002D40}.Release|Any CPU.ActiveCfg = Release|Any CPU
		{6B41DC78-C315-4A3B-8CC2-220F03002D40}.Release|Any CPU.Build.0 = Release|Any CPU
		{B406B937-A174-45F8-ACDC-88698BE058EC}.Debug|Any CPU.ActiveCfg = Debug|Any CPU
		{B406B937-A174-45F8-ACDC-88698BE058EC}.Debug|Any CPU.Build.0 = Debug|Any CPU
		{B406B937-A174-45F8-ACDC-88698BE058EC}.Release|Any CPU.ActiveCfg = Release|Any CPU
		{B406B937-A174-45F8-ACDC-88698BE058EC}.Release|Any CPU.Build.0 = Release|Any CPU
		{BF1E5AEE-570E-4CC8-8F8C-AE96731C4ACA}.Debug|Any CPU.ActiveCfg = Debug|Any CPU
		{BF1E5AEE-570E-4CC8-8F8C-AE96731C4ACA}.Debug|Any CPU.Build.0 = Debug|Any CPU
		{BF1E5AEE-570E-4CC8-8F8C-AE96731C4ACA}.Release|Any CPU.ActiveCfg = Release|Any CPU
		{BF1E5AEE-570E-4CC8-8F8C-AE96731C4ACA}.Release|Any CPU.Build.0 = Release|Any CPU
		{18F78FF1-937B-4FFC-B156-E8488ACE77F5}.Debug|Any CPU.ActiveCfg = Debug|Any CPU
		{18F78FF1-937B-4FFC-B156-E8488ACE77F5}.Debug|Any CPU.Build.0 = Debug|Any CPU
		{18F78FF1-937B-4FFC-B156-E8488ACE77F5}.Release|Any CPU.ActiveCfg = Release|Any CPU
		{18F78FF1-937B-4FFC-B156-E8488ACE77F5}.Release|Any CPU.Build.0 = Release|Any CPU
	EndGlobalSection
	GlobalSection(SolutionProperties) = preSolution
		HideSolutionNode = FALSE
	EndGlobalSection
	GlobalSection(ExtensibilityGlobals) = postSolution
		SolutionGuid = {A891E594-F383-4A36-B723-E43117F7F1B4}
	EndGlobalSection
EndGlobal
