
Microsoft Visual Studio Solution File, Format Version 12.00
# Visual Studio Version 17
VisualStudioVersion = 17.1.32210.238
MinimumVisualStudioVersion = 10.0.40219.1
Project("{FAE04EC0-301F-11D3-BF4B-00C04F79EFBC}") = "EthanolGeyser", "EthanolGeyser\EthanolGeyser.csproj", "{025E7F68-E65D-4E4D-9E28-16263DD2E91A}"
EndProject
Project("{FAE04EC0-301F-11D3-BF4B-00C04F79EFBC}") = "SelfSealingAirlocks", "SelfSealingAirlocks\SelfSealingAirlocks.csproj", "{3219CD2E-5CEC-4891-8F9B-197A92C86B13}"
EndProject
Project("{FAE04EC0-301F-11D3-BF4B-00C04F79EFBC}") = "ExtendedBridges", "ExtendedBridges\ExtendedBridges.csproj", "{B955C0FE-0E03-4790-8ED5-0EF9C89A4864}"
EndProject
Project("{FAE04EC0-301F-11D3-BF4B-00C04F79EFBC}") = "NeonEden", "NeonEden\NeonEden.csproj", "{2E1A1B99-E3CE-4B6B-B487-CB5853261947}"
EndProject
Project("{FAE04EC0-301F-11D3-BF4B-00C04F79EFBC}") = "FlowSplitters", "FlowSplitters\FlowSplitters.csproj", "{BF1E5AEE-570E-4CC8-8F8C-AE96731C4ACA}"
EndProject
Project("{FAE04EC0-301F-11D3-BF4B-00C04F79EFBC}") = "BalanceWaterPumpConsumption", "BalanceWaterPumpConsumption\BalanceWaterPumpConsumption.csproj", "{5FAC918E-6588-4335-A019-B4DC2808AE7F}"
EndProject
Global
	GlobalSection(SolutionConfigurationPlatforms) = preSolution
		Debug|Any CPU = Debug|Any CPU
		Release|Any CPU = Release|Any CPU
	EndGlobalSection
	GlobalSection(ProjectConfigurationPlatforms) = postSolution
		{025E7F68-E65D-4E4D-9E28-16263DD2E91A}.Debug|Any CPU.ActiveCfg = Debug|Any CPU
		{025E7F68-E65D-4E4D-9E28-16263DD2E91A}.Debug|Any CPU.Build.0 = Debug|Any CPU
		{025E7F68-E65D-4E4D-9E28-16263DD2E91A}.Release|Any CPU.ActiveCfg = Release|Any CPU
		{025E7F68-E65D-4E4D-9E28-16263DD2E91A}.Release|Any CPU.Build.0 = Release|Any CPU
		{3219CD2E-5CEC-4891-8F9B-197A92C86B13}.Debug|Any CPU.ActiveCfg = Debug|Any CPU
		{3219CD2E-5CEC-4891-8F9B-197A92C86B13}.Debug|Any CPU.Build.0 = Debug|Any CPU
		{3219CD2E-5CEC-4891-8F9B-197A92C86B13}.Release|Any CPU.ActiveCfg = Release|Any CPU
		{3219CD2E-5CEC-4891-8F9B-197A92C86B13}.Release|Any CPU.Build.0 = Release|Any CPU
		{B955C0FE-0E03-4790-8ED5-0EF9C89A4864}.Debug|Any CPU.ActiveCfg = Debug|Any CPU
		{B955C0FE-0E03-4790-8ED5-0EF9C89A4864}.Debug|Any CPU.Build.0 = Debug|Any CPU
		{B955C0FE-0E03-4790-8ED5-0EF9C89A4864}.Release|Any CPU.ActiveCfg = Release|Any CPU
		{B955C0FE-0E03-4790-8ED5-0EF9C89A4864}.Release|Any CPU.Build.0 = Release|Any CPU
		{2E1A1B99-E3CE-4B6B-B487-CB5853261947}.Debug|Any CPU.ActiveCfg = Debug|Any CPU
		{2E1A1B99-E3CE-4B6B-B487-CB5853261947}.Debug|Any CPU.Build.0 = Debug|Any CPU
		{2E1A1B99-E3CE-4B6B-B487-CB5853261947}.Release|Any CPU.ActiveCfg = Release|Any CPU
		{2E1A1B99-E3CE-4B6B-B487-CB5853261947}.Release|Any CPU.Build.0 = Release|Any CPU
		{BF1E5AEE-570E-4CC8-8F8C-AE96731C4ACA}.Debug|Any CPU.ActiveCfg = Debug|Any CPU
		{BF1E5AEE-570E-4CC8-8F8C-AE96731C4ACA}.Debug|Any CPU.Build.0 = Debug|Any CPU
		{BF1E5AEE-570E-4CC8-8F8C-AE96731C4ACA}.Release|Any CPU.ActiveCfg = Release|Any CPU
		{BF1E5AEE-570E-4CC8-8F8C-AE96731C4ACA}.Release|Any CPU.Build.0 = Release|Any CPU
		{5FAC918E-6588-4335-A019-B4DC2808AE7F}.Debug|Any CPU.ActiveCfg = Debug|Any CPU
		{5FAC918E-6588-4335-A019-B4DC2808AE7F}.Debug|Any CPU.Build.0 = Debug|Any CPU
		{5FAC918E-6588-4335-A019-B4DC2808AE7F}.Release|Any CPU.ActiveCfg = Release|Any CPU
		{5FAC918E-6588-4335-A019-B4DC2808AE7F}.Release|Any CPU.Build.0 = Release|Any CPU
	EndGlobalSection
	GlobalSection(SolutionProperties) = preSolution
		HideSolutionNode = FALSE
	EndGlobalSection
	GlobalSection(ExtensibilityGlobals) = postSolution
		SolutionGuid = {A891E594-F383-4A36-B723-E43117F7F1B4}
	EndGlobalSection
EndGlobal
